
Microsoft Visual Studio Solution File, Format Version 12.00
Project("{FAE04EC0-301F-11D3-BF4B-00C04F79EFBC}") = "Parcial02", "Parcial02.csproj", "{ED593A71-E0D0-4188-BDE5-25FBB2C8B291}"
EndProject
Global
	GlobalSection(SolutionConfigurationPlatforms) = preSolution
		Debug|Any CPU = Debug|Any CPU
		Release|Any CPU = Release|Any CPU
	EndGlobalSection
	GlobalSection(ProjectConfigurationPlatforms) = postSolution
		{ED593A71-E0D0-4188-BDE5-25FBB2C8B291}.Debug|Any CPU.ActiveCfg = Debug|Any CPU
		{ED593A71-E0D0-4188-BDE5-25FBB2C8B291}.Debug|Any CPU.Build.0 = Debug|Any CPU
		{ED593A71-E0D0-4188-BDE5-25FBB2C8B291}.Release|Any CPU.ActiveCfg = Release|Any CPU
		{ED593A71-E0D0-4188-BDE5-25FBB2C8B291}.Release|Any CPU.Build.0 = Release|Any CPU
	EndGlobalSection
EndGlobal
